// !$*UTF8*$!
{
	archiveVersion = 1;
	classes = {
	};
	objectVersion = 46;
	objects = {

/* Begin PBXBuildFile section */
		F9091C9F1BB27F5B005BCBFC /* AppDelegate.swift in Sources */ = {isa = PBXBuildFile; fileRef = F9091C9E1BB27F5B005BCBFC /* AppDelegate.swift */; };
		F9091CA11BB27F5B005BCBFC /* LoginViewController.swift in Sources */ = {isa = PBXBuildFile; fileRef = F9091CA01BB27F5B005BCBFC /* LoginViewController.swift */; };
		F9091CA31BB27F5B005BCBFC /* ScheduleViewController.swift in Sources */ = {isa = PBXBuildFile; fileRef = F9091CA21BB27F5B005BCBFC /* ScheduleViewController.swift */; };
		F9091CA61BB27F5B005BCBFC /* Main.storyboard in Resources */ = {isa = PBXBuildFile; fileRef = F9091CA41BB27F5B005BCBFC /* Main.storyboard */; };
		F9091CA81BB27F5B005BCBFC /* Images.xcassets in Resources */ = {isa = PBXBuildFile; fileRef = F9091CA71BB27F5B005BCBFC /* Images.xcassets */; };
		F9091CAB1BB27F5B005BCBFC /* LaunchScreen.xib in Resources */ = {isa = PBXBuildFile; fileRef = F9091CA91BB27F5B005BCBFC /* LaunchScreen.xib */; };
		F9091CB71BB27F5B005BCBFC /* Game_On_HackathonTests.swift in Sources */ = {isa = PBXBuildFile; fileRef = F9091CB61BB27F5B005BCBFC /* Game_On_HackathonTests.swift */; };
		F9091CC51BB28151005BCBFC /* Social.framework in Frameworks */ = {isa = PBXBuildFile; fileRef = F9091CC41BB28151005BCBFC /* Social.framework */; };
		F9091CC71BB28158005BCBFC /* Accounts.framework in Frameworks */ = {isa = PBXBuildFile; fileRef = F9091CC61BB28158005BCBFC /* Accounts.framework */; };
		F98154381BB281E000276455 /* libsqlite3.tbd in Frameworks */ = {isa = PBXBuildFile; fileRef = F98154371BB281E000276455 /* libsqlite3.tbd */; };
		F981543A1BB281EB00276455 /* libz.tbd in Frameworks */ = {isa = PBXBuildFile; fileRef = F98154391BB281EB00276455 /* libz.tbd */; };
		F981543C1BB281F400276455 /* SystemConfiguration.framework in Frameworks */ = {isa = PBXBuildFile; fileRef = F981543B1BB281F400276455 /* SystemConfiguration.framework */; };
		F981543E1BB281F900276455 /* StoreKit.framework in Frameworks */ = {isa = PBXBuildFile; fileRef = F981543D1BB281F900276455 /* StoreKit.framework */; };
		F98154401BB2820100276455 /* Security.framework in Frameworks */ = {isa = PBXBuildFile; fileRef = F981543F1BB2820100276455 /* Security.framework */; };
		F98154421BB2820800276455 /* QuartzCore.framework in Frameworks */ = {isa = PBXBuildFile; fileRef = F98154411BB2820800276455 /* QuartzCore.framework */; };
		F98154441BB2821300276455 /* CoreLocation.framework in Frameworks */ = {isa = PBXBuildFile; fileRef = F98154431BB2821300276455 /* CoreLocation.framework */; };
		F98154461BB2821900276455 /* CoreGraphics.framework in Frameworks */ = {isa = PBXBuildFile; fileRef = F98154451BB2821900276455 /* CoreGraphics.framework */; };
		F98154481BB2821F00276455 /* CFNetwork.framework in Frameworks */ = {isa = PBXBuildFile; fileRef = F98154471BB2821F00276455 /* CFNetwork.framework */; };
		F981544A1BB2822500276455 /* AudioToolbox.framework in Frameworks */ = {isa = PBXBuildFile; fileRef = F98154491BB2822500276455 /* AudioToolbox.framework */; };
		F98154521BB2825500276455 /* Bolts.framework in Frameworks */ = {isa = PBXBuildFile; fileRef = F981544B1BB2825500276455 /* Bolts.framework */; settings = {ASSET_TAGS = (); }; };
		F98154531BB2825500276455 /* Parse.framework in Frameworks */ = {isa = PBXBuildFile; fileRef = F981544C1BB2825500276455 /* Parse.framework */; settings = {ASSET_TAGS = (); }; };
		F98154541BB2825500276455 /* ParseCrashReporting.framework in Frameworks */ = {isa = PBXBuildFile; fileRef = F981544D1BB2825500276455 /* ParseCrashReporting.framework */; settings = {ASSET_TAGS = (); }; };
		F98154551BB2825500276455 /* ParseFacebookUtils.framework in Frameworks */ = {isa = PBXBuildFile; fileRef = F981544E1BB2825500276455 /* ParseFacebookUtils.framework */; settings = {ASSET_TAGS = (); }; };
		F98154561BB2825500276455 /* ParseFacebookUtilsV4.framework in Frameworks */ = {isa = PBXBuildFile; fileRef = F981544F1BB2825500276455 /* ParseFacebookUtilsV4.framework */; settings = {ASSET_TAGS = (); }; };
		F98154571BB2825500276455 /* ParseTwitterUtils.framework in Frameworks */ = {isa = PBXBuildFile; fileRef = F98154501BB2825500276455 /* ParseTwitterUtils.framework */; settings = {ASSET_TAGS = (); }; };
		F98154581BB2825500276455 /* ParseUI.framework in Frameworks */ = {isa = PBXBuildFile; fileRef = F98154511BB2825500276455 /* ParseUI.framework */; settings = {ASSET_TAGS = (); }; };
		F981545A1BB2830100276455 /* ParseKeys.swift in Sources */ = {isa = PBXBuildFile; fileRef = F98154591BB2830100276455 /* ParseKeys.swift */; settings = {ASSET_TAGS = (); }; };
		F98154641BB28AEE00276455 /* FBSDKCoreKit.framework in Frameworks */ = {isa = PBXBuildFile; fileRef = F98154611BB28AEE00276455 /* FBSDKCoreKit.framework */; settings = {ASSET_TAGS = (); }; };
		F98154651BB28AEE00276455 /* FBSDKLoginKit.framework in Frameworks */ = {isa = PBXBuildFile; fileRef = F98154621BB28AEE00276455 /* FBSDKLoginKit.framework */; settings = {ASSET_TAGS = (); }; };
		F98154661BB28AEE00276455 /* FBSDKShareKit.framework in Frameworks */ = {isa = PBXBuildFile; fileRef = F98154631BB28AEE00276455 /* FBSDKShareKit.framework */; settings = {ASSET_TAGS = (); }; };
		F986F2081BB75EF900A4E79B /* DataManager.swift in Sources */ = {isa = PBXBuildFile; fileRef = F986F2071BB75EF900A4E79B /* DataManager.swift */; settings = {ASSET_TAGS = (); }; };
		F986F20A1BB75F4700A4E79B /* Event.swift in Sources */ = {isa = PBXBuildFile; fileRef = F986F2091BB75F4700A4E79B /* Event.swift */; settings = {ASSET_TAGS = (); }; };
/* End PBXBuildFile section */

/* Begin PBXContainerItemProxy section */
		F9091CB11BB27F5B005BCBFC /* PBXContainerItemProxy */ = {
			isa = PBXContainerItemProxy;
			containerPortal = F9091C911BB27F5B005BCBFC /* Project object */;
			proxyType = 1;
			remoteGlobalIDString = F9091C981BB27F5B005BCBFC;
			remoteInfo = "Game On Hackathon";
		};
/* End PBXContainerItemProxy section */

/* Begin PBXFileReference section */
		F9091C991BB27F5B005BCBFC /* Game On Hackathon.app */ = {isa = PBXFileReference; explicitFileType = wrapper.application; includeInIndex = 0; path = "Game On Hackathon.app"; sourceTree = BUILT_PRODUCTS_DIR; };
		F9091C9D1BB27F5B005BCBFC /* Info.plist */ = {isa = PBXFileReference; lastKnownFileType = text.plist.xml; path = Info.plist; sourceTree = "<group>"; };
		F9091C9E1BB27F5B005BCBFC /* AppDelegate.swift */ = {isa = PBXFileReference; lastKnownFileType = sourcecode.swift; path = AppDelegate.swift; sourceTree = "<group>"; };
		F9091CA01BB27F5B005BCBFC /* LoginViewController.swift */ = {isa = PBXFileReference; lastKnownFileType = sourcecode.swift; path = LoginViewController.swift; sourceTree = "<group>"; };
		F9091CA21BB27F5B005BCBFC /* ScheduleViewController.swift */ = {isa = PBXFileReference; lastKnownFileType = sourcecode.swift; path = ScheduleViewController.swift; sourceTree = "<group>"; };
		F9091CA51BB27F5B005BCBFC /* Base */ = {isa = PBXFileReference; lastKnownFileType = file.storyboard; name = Base; path = Base.lproj/Main.storyboard; sourceTree = "<group>"; };
		F9091CA71BB27F5B005BCBFC /* Images.xcassets */ = {isa = PBXFileReference; lastKnownFileType = folder.assetcatalog; path = Images.xcassets; sourceTree = "<group>"; };
		F9091CAA1BB27F5B005BCBFC /* Base */ = {isa = PBXFileReference; lastKnownFileType = file.xib; name = Base; path = Base.lproj/LaunchScreen.xib; sourceTree = "<group>"; };
		F9091CB01BB27F5B005BCBFC /* Game On HackathonTests.xctest */ = {isa = PBXFileReference; explicitFileType = wrapper.cfbundle; includeInIndex = 0; path = "Game On HackathonTests.xctest"; sourceTree = BUILT_PRODUCTS_DIR; };
		F9091CB51BB27F5B005BCBFC /* Info.plist */ = {isa = PBXFileReference; lastKnownFileType = text.plist.xml; path = Info.plist; sourceTree = "<group>"; };
		F9091CB61BB27F5B005BCBFC /* Game_On_HackathonTests.swift */ = {isa = PBXFileReference; lastKnownFileType = sourcecode.swift; path = Game_On_HackathonTests.swift; sourceTree = "<group>"; };
		F9091CC41BB28151005BCBFC /* Social.framework */ = {isa = PBXFileReference; lastKnownFileType = wrapper.framework; name = Social.framework; path = System/Library/Frameworks/Social.framework; sourceTree = SDKROOT; };
		F9091CC61BB28158005BCBFC /* Accounts.framework */ = {isa = PBXFileReference; lastKnownFileType = wrapper.framework; name = Accounts.framework; path = System/Library/Frameworks/Accounts.framework; sourceTree = SDKROOT; };
		F98154371BB281E000276455 /* libsqlite3.tbd */ = {isa = PBXFileReference; lastKnownFileType = "sourcecode.text-based-dylib-definition"; name = libsqlite3.tbd; path = usr/lib/libsqlite3.tbd; sourceTree = SDKROOT; };
		F98154391BB281EB00276455 /* libz.tbd */ = {isa = PBXFileReference; lastKnownFileType = "sourcecode.text-based-dylib-definition"; name = libz.tbd; path = usr/lib/libz.tbd; sourceTree = SDKROOT; };
		F981543B1BB281F400276455 /* SystemConfiguration.framework */ = {isa = PBXFileReference; lastKnownFileType = wrapper.framework; name = SystemConfiguration.framework; path = System/Library/Frameworks/SystemConfiguration.framework; sourceTree = SDKROOT; };
		F981543D1BB281F900276455 /* StoreKit.framework */ = {isa = PBXFileReference; lastKnownFileType = wrapper.framework; name = StoreKit.framework; path = System/Library/Frameworks/StoreKit.framework; sourceTree = SDKROOT; };
		F981543F1BB2820100276455 /* Security.framework */ = {isa = PBXFileReference; lastKnownFileType = wrapper.framework; name = Security.framework; path = System/Library/Frameworks/Security.framework; sourceTree = SDKROOT; };
		F98154411BB2820800276455 /* QuartzCore.framework */ = {isa = PBXFileReference; lastKnownFileType = wrapper.framework; name = QuartzCore.framework; path = System/Library/Frameworks/QuartzCore.framework; sourceTree = SDKROOT; };
		F98154431BB2821300276455 /* CoreLocation.framework */ = {isa = PBXFileReference; lastKnownFileType = wrapper.framework; name = CoreLocation.framework; path = System/Library/Frameworks/CoreLocation.framework; sourceTree = SDKROOT; };
		F98154451BB2821900276455 /* CoreGraphics.framework */ = {isa = PBXFileReference; lastKnownFileType = wrapper.framework; name = CoreGraphics.framework; path = System/Library/Frameworks/CoreGraphics.framework; sourceTree = SDKROOT; };
		F98154471BB2821F00276455 /* CFNetwork.framework */ = {isa = PBXFileReference; lastKnownFileType = wrapper.framework; name = CFNetwork.framework; path = System/Library/Frameworks/CFNetwork.framework; sourceTree = SDKROOT; };
		F98154491BB2822500276455 /* AudioToolbox.framework */ = {isa = PBXFileReference; lastKnownFileType = wrapper.framework; name = AudioToolbox.framework; path = System/Library/Frameworks/AudioToolbox.framework; sourceTree = SDKROOT; };
		F981544B1BB2825500276455 /* Bolts.framework */ = {isa = PBXFileReference; lastKnownFileType = wrapper.framework; path = Bolts.framework; sourceTree = "<group>"; };
		F981544C1BB2825500276455 /* Parse.framework */ = {isa = PBXFileReference; lastKnownFileType = wrapper.framework; path = Parse.framework; sourceTree = "<group>"; };
		F981544D1BB2825500276455 /* ParseCrashReporting.framework */ = {isa = PBXFileReference; lastKnownFileType = wrapper.framework; path = ParseCrashReporting.framework; sourceTree = "<group>"; };
		F981544E1BB2825500276455 /* ParseFacebookUtils.framework */ = {isa = PBXFileReference; lastKnownFileType = wrapper.framework; path = ParseFacebookUtils.framework; sourceTree = "<group>"; };
		F981544F1BB2825500276455 /* ParseFacebookUtilsV4.framework */ = {isa = PBXFileReference; lastKnownFileType = wrapper.framework; path = ParseFacebookUtilsV4.framework; sourceTree = "<group>"; };
		F98154501BB2825500276455 /* ParseTwitterUtils.framework */ = {isa = PBXFileReference; lastKnownFileType = wrapper.framework; path = ParseTwitterUtils.framework; sourceTree = "<group>"; };
		F98154511BB2825500276455 /* ParseUI.framework */ = {isa = PBXFileReference; lastKnownFileType = wrapper.framework; path = ParseUI.framework; sourceTree = "<group>"; };
		F98154591BB2830100276455 /* ParseKeys.swift */ = {isa = PBXFileReference; fileEncoding = 4; lastKnownFileType = sourcecode.swift; path = ParseKeys.swift; sourceTree = "<group>"; };
		F98154611BB28AEE00276455 /* FBSDKCoreKit.framework */ = {isa = PBXFileReference; lastKnownFileType = wrapper.framework; path = FBSDKCoreKit.framework; sourceTree = "<group>"; };
		F98154621BB28AEE00276455 /* FBSDKLoginKit.framework */ = {isa = PBXFileReference; lastKnownFileType = wrapper.framework; path = FBSDKLoginKit.framework; sourceTree = "<group>"; };
		F98154631BB28AEE00276455 /* FBSDKShareKit.framework */ = {isa = PBXFileReference; lastKnownFileType = wrapper.framework; path = FBSDKShareKit.framework; sourceTree = "<group>"; };
		F98154671BB28B1C00276455 /* Game On Hackathon-Bridging-Header.h */ = {isa = PBXFileReference; lastKnownFileType = sourcecode.c.h; path = "Game On Hackathon-Bridging-Header.h"; sourceTree = "<group>"; };
		F986F2071BB75EF900A4E79B /* DataManager.swift */ = {isa = PBXFileReference; fileEncoding = 4; lastKnownFileType = sourcecode.swift; path = DataManager.swift; sourceTree = "<group>"; };
		F986F2091BB75F4700A4E79B /* Event.swift */ = {isa = PBXFileReference; fileEncoding = 4; lastKnownFileType = sourcecode.swift; path = Event.swift; sourceTree = "<group>"; };
/* End PBXFileReference section */

/* Begin PBXFrameworksBuildPhase section */
		F9091C961BB27F5B005BCBFC /* Frameworks */ = {
			isa = PBXFrameworksBuildPhase;
			buildActionMask = 2147483647;
			files = (
				F981544A1BB2822500276455 /* AudioToolbox.framework in Frameworks */,
				F98154541BB2825500276455 /* ParseCrashReporting.framework in Frameworks */,
				F98154481BB2821F00276455 /* CFNetwork.framework in Frameworks */,
				F98154461BB2821900276455 /* CoreGraphics.framework in Frameworks */,
				F98154571BB2825500276455 /* ParseTwitterUtils.framework in Frameworks */,
				F98154641BB28AEE00276455 /* FBSDKCoreKit.framework in Frameworks */,
				F98154661BB28AEE00276455 /* FBSDKShareKit.framework in Frameworks */,
				F98154441BB2821300276455 /* CoreLocation.framework in Frameworks */,
				F98154421BB2820800276455 /* QuartzCore.framework in Frameworks */,
				F98154401BB2820100276455 /* Security.framework in Frameworks */,
				F981543E1BB281F900276455 /* StoreKit.framework in Frameworks */,
				F98154521BB2825500276455 /* Bolts.framework in Frameworks */,
				F98154651BB28AEE00276455 /* FBSDKLoginKit.framework in Frameworks */,
				F98154581BB2825500276455 /* ParseUI.framework in Frameworks */,
				F981543C1BB281F400276455 /* SystemConfiguration.framework in Frameworks */,
				F981543A1BB281EB00276455 /* libz.tbd in Frameworks */,
				F98154531BB2825500276455 /* Parse.framework in Frameworks */,
				F98154381BB281E000276455 /* libsqlite3.tbd in Frameworks */,
				F9091CC71BB28158005BCBFC /* Accounts.framework in Frameworks */,
				F98154561BB2825500276455 /* ParseFacebookUtilsV4.framework in Frameworks */,
				F98154551BB2825500276455 /* ParseFacebookUtils.framework in Frameworks */,
				F9091CC51BB28151005BCBFC /* Social.framework in Frameworks */,
			);
			runOnlyForDeploymentPostprocessing = 0;
		};
		F9091CAD1BB27F5B005BCBFC /* Frameworks */ = {
			isa = PBXFrameworksBuildPhase;
			buildActionMask = 2147483647;
			files = (
			);
			runOnlyForDeploymentPostprocessing = 0;
		};
/* End PBXFrameworksBuildPhase section */

/* Begin PBXGroup section */
		F9091C901BB27F5B005BCBFC = {
			isa = PBXGroup;
			children = (
				F9091C9B1BB27F5B005BCBFC /* Game On Hackathon */,
				F9091CB31BB27F5B005BCBFC /* Game On HackathonTests */,
				F9091CC31BB2808B005BCBFC /* Frameworks */,
				F9091C9A1BB27F5B005BCBFC /* Products */,
			);
			sourceTree = "<group>";
		};
		F9091C9A1BB27F5B005BCBFC /* Products */ = {
			isa = PBXGroup;
			children = (
				F9091C991BB27F5B005BCBFC /* Game On Hackathon.app */,
				F9091CB01BB27F5B005BCBFC /* Game On HackathonTests.xctest */,
			);
			name = Products;
			sourceTree = "<group>";
		};
		F9091C9B1BB27F5B005BCBFC /* Game On Hackathon */ = {
			isa = PBXGroup;
			children = (
				F9091CC11BB2806A005BCBFC /* Models */,
				F9091CC21BB28076005BCBFC /* Views */,
				F9091CC01BB2805E005BCBFC /* Helpers */,
				F9091C9E1BB27F5B005BCBFC /* AppDelegate.swift */,
				F9091CA21BB27F5B005BCBFC /* ScheduleViewController.swift */,
				F9091CA01BB27F5B005BCBFC /* LoginViewController.swift */,
				F9091CA41BB27F5B005BCBFC /* Main.storyboard */,
				F9091CA71BB27F5B005BCBFC /* Images.xcassets */,
				F9091CA91BB27F5B005BCBFC /* LaunchScreen.xib */,
				F9091C9C1BB27F5B005BCBFC /* Supporting Files */,
				F98154671BB28B1C00276455 /* Game On Hackathon-Bridging-Header.h */,
			);
			path = "Game On Hackathon";
			sourceTree = "<group>";
		};
		F9091C9C1BB27F5B005BCBFC /* Supporting Files */ = {
			isa = PBXGroup;
			children = (
				F9091C9D1BB27F5B005BCBFC /* Info.plist */,
			);
			name = "Supporting Files";
			sourceTree = "<group>";
		};
		F9091CB31BB27F5B005BCBFC /* Game On HackathonTests */ = {
			isa = PBXGroup;
			children = (
				F9091CB61BB27F5B005BCBFC /* Game_On_HackathonTests.swift */,
				F9091CB41BB27F5B005BCBFC /* Supporting Files */,
			);
			path = "Game On HackathonTests";
			sourceTree = "<group>";
		};
		F9091CB41BB27F5B005BCBFC /* Supporting Files */ = {
			isa = PBXGroup;
			children = (
				F9091CB51BB27F5B005BCBFC /* Info.plist */,
			);
			name = "Supporting Files";
			sourceTree = "<group>";
		};
		F9091CC01BB2805E005BCBFC /* Helpers */ = {
			isa = PBXGroup;
			children = (
				F98154591BB2830100276455 /* ParseKeys.swift */,
				F986F2071BB75EF900A4E79B /* DataManager.swift */,
			);
			path = Helpers;
			sourceTree = "<group>";
		};
		F9091CC11BB2806A005BCBFC /* Models */ = {
			isa = PBXGroup;
			children = (
				F986F2091BB75F4700A4E79B /* Event.swift */,
			);
			path = Models;
			sourceTree = "<group>";
		};
		F9091CC21BB28076005BCBFC /* Views */ = {
			isa = PBXGroup;
			children = (
			);
			path = Views;
			sourceTree = "<group>";
		};
		F9091CC31BB2808B005BCBFC /* Frameworks */ = {
			isa = PBXGroup;
			children = (
				F98154611BB28AEE00276455 /* FBSDKCoreKit.framework */,
				F98154621BB28AEE00276455 /* FBSDKLoginKit.framework */,
				F98154631BB28AEE00276455 /* FBSDKShareKit.framework */,
				F981544B1BB2825500276455 /* Bolts.framework */,
				F981544C1BB2825500276455 /* Parse.framework */,
				F981544D1BB2825500276455 /* ParseCrashReporting.framework */,
				F981544E1BB2825500276455 /* ParseFacebookUtils.framework */,
				F981544F1BB2825500276455 /* ParseFacebookUtilsV4.framework */,
				F98154501BB2825500276455 /* ParseTwitterUtils.framework */,
				F98154511BB2825500276455 /* ParseUI.framework */,
				F98154491BB2822500276455 /* AudioToolbox.framework */,
				F98154471BB2821F00276455 /* CFNetwork.framework */,
				F98154451BB2821900276455 /* CoreGraphics.framework */,
				F98154431BB2821300276455 /* CoreLocation.framework */,
				F98154411BB2820800276455 /* QuartzCore.framework */,
				F981543F1BB2820100276455 /* Security.framework */,
				F981543D1BB281F900276455 /* StoreKit.framework */,
				F981543B1BB281F400276455 /* SystemConfiguration.framework */,
				F98154391BB281EB00276455 /* libz.tbd */,
				F98154371BB281E000276455 /* libsqlite3.tbd */,
				F9091CC61BB28158005BCBFC /* Accounts.framework */,
				F9091CC41BB28151005BCBFC /* Social.framework */,
			);
			path = Frameworks;
			sourceTree = "<group>";
		};
/* End PBXGroup section */

/* Begin PBXNativeTarget section */
		F9091C981BB27F5B005BCBFC /* Game On Hackathon */ = {
			isa = PBXNativeTarget;
			buildConfigurationList = F9091CBA1BB27F5B005BCBFC /* Build configuration list for PBXNativeTarget "Game On Hackathon" */;
			buildPhases = (
				F9091C951BB27F5B005BCBFC /* Sources */,
				F9091C961BB27F5B005BCBFC /* Frameworks */,
				F9091C971BB27F5B005BCBFC /* Resources */,
			);
			buildRules = (
			);
			dependencies = (
			);
			name = "Game On Hackathon";
			productName = "Game On Hackathon";
			productReference = F9091C991BB27F5B005BCBFC /* Game On Hackathon.app */;
			productType = "com.apple.product-type.application";
		};
		F9091CAF1BB27F5B005BCBFC /* Game On HackathonTests */ = {
			isa = PBXNativeTarget;
			buildConfigurationList = F9091CBD1BB27F5B005BCBFC /* Build configuration list for PBXNativeTarget "Game On HackathonTests" */;
			buildPhases = (
				F9091CAC1BB27F5B005BCBFC /* Sources */,
				F9091CAD1BB27F5B005BCBFC /* Frameworks */,
				F9091CAE1BB27F5B005BCBFC /* Resources */,
			);
			buildRules = (
			);
			dependencies = (
				F9091CB21BB27F5B005BCBFC /* PBXTargetDependency */,
			);
			name = "Game On HackathonTests";
			productName = "Game On HackathonTests";
			productReference = F9091CB01BB27F5B005BCBFC /* Game On HackathonTests.xctest */;
			productType = "com.apple.product-type.bundle.unit-test";
		};
/* End PBXNativeTarget section */

/* Begin PBXProject section */
		F9091C911BB27F5B005BCBFC /* Project object */ = {
			isa = PBXProject;
			attributes = {
				LastSwiftUpdateCheck = 0700;
				LastUpgradeCheck = 0700;
				ORGANIZATIONNAME = "Game On Hackathon";
				TargetAttributes = {
					F9091C981BB27F5B005BCBFC = {
						CreatedOnToolsVersion = 6.4;
					};
					F9091CAF1BB27F5B005BCBFC = {
						CreatedOnToolsVersion = 6.4;
						TestTargetID = F9091C981BB27F5B005BCBFC;
					};
				};
			};
			buildConfigurationList = F9091C941BB27F5B005BCBFC /* Build configuration list for PBXProject "Game On Hackathon" */;
			compatibilityVersion = "Xcode 3.2";
			developmentRegion = English;
			hasScannedForEncodings = 0;
			knownRegions = (
				en,
				Base,
			);
			mainGroup = F9091C901BB27F5B005BCBFC;
			productRefGroup = F9091C9A1BB27F5B005BCBFC /* Products */;
			projectDirPath = "";
			projectRoot = "";
			targets = (
				F9091C981BB27F5B005BCBFC /* Game On Hackathon */,
				F9091CAF1BB27F5B005BCBFC /* Game On HackathonTests */,
			);
		};
/* End PBXProject section */

/* Begin PBXResourcesBuildPhase section */
		F9091C971BB27F5B005BCBFC /* Resources */ = {
			isa = PBXResourcesBuildPhase;
			buildActionMask = 2147483647;
			files = (
				F9091CA61BB27F5B005BCBFC /* Main.storyboard in Resources */,
				F9091CAB1BB27F5B005BCBFC /* LaunchScreen.xib in Resources */,
				F9091CA81BB27F5B005BCBFC /* Images.xcassets in Resources */,
			);
			runOnlyForDeploymentPostprocessing = 0;
		};
		F9091CAE1BB27F5B005BCBFC /* Resources */ = {
			isa = PBXResourcesBuildPhase;
			buildActionMask = 2147483647;
			files = (
			);
			runOnlyForDeploymentPostprocessing = 0;
		};
/* End PBXResourcesBuildPhase section */

/* Begin PBXSourcesBuildPhase section */
		F9091C951BB27F5B005BCBFC /* Sources */ = {
			isa = PBXSourcesBuildPhase;
			buildActionMask = 2147483647;
			files = (
				F986F20A1BB75F4700A4E79B /* Event.swift in Sources */,
				F9091CA31BB27F5B005BCBFC /* ScheduleViewController.swift in Sources */,
				F986F2081BB75EF900A4E79B /* DataManager.swift in Sources */,
				F981545A1BB2830100276455 /* ParseKeys.swift in Sources */,
				F9091C9F1BB27F5B005BCBFC /* AppDelegate.swift in Sources */,
				F9091CA11BB27F5B005BCBFC /* LoginViewController.swift in Sources */,
			);
			runOnlyForDeploymentPostprocessing = 0;
		};
		F9091CAC1BB27F5B005BCBFC /* Sources */ = {
			isa = PBXSourcesBuildPhase;
			buildActionMask = 2147483647;
			files = (
				F9091CB71BB27F5B005BCBFC /* Game_On_HackathonTests.swift in Sources */,
			);
			runOnlyForDeploymentPostprocessing = 0;
		};
/* End PBXSourcesBuildPhase section */

/* Begin PBXTargetDependency section */
		F9091CB21BB27F5B005BCBFC /* PBXTargetDependency */ = {
			isa = PBXTargetDependency;
			target = F9091C981BB27F5B005BCBFC /* Game On Hackathon */;
			targetProxy = F9091CB11BB27F5B005BCBFC /* PBXContainerItemProxy */;
		};
/* End PBXTargetDependency section */

/* Begin PBXVariantGroup section */
		F9091CA41BB27F5B005BCBFC /* Main.storyboard */ = {
			isa = PBXVariantGroup;
			children = (
				F9091CA51BB27F5B005BCBFC /* Base */,
			);
			name = Main.storyboard;
			sourceTree = "<group>";
		};
		F9091CA91BB27F5B005BCBFC /* LaunchScreen.xib */ = {
			isa = PBXVariantGroup;
			children = (
				F9091CAA1BB27F5B005BCBFC /* Base */,
			);
			name = LaunchScreen.xib;
			sourceTree = "<group>";
		};
/* End PBXVariantGroup section */

/* Begin XCBuildConfiguration section */
		F9091CB81BB27F5B005BCBFC /* Debug */ = {
			isa = XCBuildConfiguration;
			buildSettings = {
				ALWAYS_SEARCH_USER_PATHS = NO;
				CLANG_CXX_LANGUAGE_STANDARD = "gnu++0x";
				CLANG_CXX_LIBRARY = "libc++";
				CLANG_ENABLE_MODULES = YES;
				CLANG_ENABLE_OBJC_ARC = YES;
				CLANG_WARN_BOOL_CONVERSION = YES;
				CLANG_WARN_CONSTANT_CONVERSION = YES;
				CLANG_WARN_DIRECT_OBJC_ISA_USAGE = YES_ERROR;
				CLANG_WARN_EMPTY_BODY = YES;
				CLANG_WARN_ENUM_CONVERSION = YES;
				CLANG_WARN_INT_CONVERSION = YES;
				CLANG_WARN_OBJC_ROOT_CLASS = YES_ERROR;
				CLANG_WARN_UNREACHABLE_CODE = YES;
				CLANG_WARN__DUPLICATE_METHOD_MATCH = YES;
				"CODE_SIGN_IDENTITY[sdk=iphoneos*]" = "iPhone Developer";
				COPY_PHASE_STRIP = NO;
				DEBUG_INFORMATION_FORMAT = "dwarf-with-dsym";
				ENABLE_STRICT_OBJC_MSGSEND = YES;
				ENABLE_TESTABILITY = YES;
				GCC_C_LANGUAGE_STANDARD = gnu99;
				GCC_DYNAMIC_NO_PIC = NO;
				GCC_NO_COMMON_BLOCKS = YES;
				GCC_OPTIMIZATION_LEVEL = 0;
				GCC_PREPROCESSOR_DEFINITIONS = (
					"DEBUG=1",
					"$(inherited)",
				);
				GCC_SYMBOLS_PRIVATE_EXTERN = NO;
				GCC_WARN_64_TO_32_BIT_CONVERSION = YES;
				GCC_WARN_ABOUT_RETURN_TYPE = YES_ERROR;
				GCC_WARN_UNDECLARED_SELECTOR = YES;
				GCC_WARN_UNINITIALIZED_AUTOS = YES_AGGRESSIVE;
				GCC_WARN_UNUSED_FUNCTION = YES;
				GCC_WARN_UNUSED_VARIABLE = YES;
				IPHONEOS_DEPLOYMENT_TARGET = 8.4;
				MTL_ENABLE_DEBUG_INFO = YES;
				ONLY_ACTIVE_ARCH = YES;
				SDKROOT = iphoneos;
				SWIFT_OPTIMIZATION_LEVEL = "-Onone";
				TARGETED_DEVICE_FAMILY = "1,2";
			};
			name = Debug;
		};
		F9091CB91BB27F5B005BCBFC /* Release */ = {
			isa = XCBuildConfiguration;
			buildSettings = {
				ALWAYS_SEARCH_USER_PATHS = NO;
				CLANG_CXX_LANGUAGE_STANDARD = "gnu++0x";
				CLANG_CXX_LIBRARY = "libc++";
				CLANG_ENABLE_MODULES = YES;
				CLANG_ENABLE_OBJC_ARC = YES;
				CLANG_WARN_BOOL_CONVERSION = YES;
				CLANG_WARN_CONSTANT_CONVERSION = YES;
				CLANG_WARN_DIRECT_OBJC_ISA_USAGE = YES_ERROR;
				CLANG_WARN_EMPTY_BODY = YES;
				CLANG_WARN_ENUM_CONVERSION = YES;
				CLANG_WARN_INT_CONVERSION = YES;
				CLANG_WARN_OBJC_ROOT_CLASS = YES_ERROR;
				CLANG_WARN_UNREACHABLE_CODE = YES;
				CLANG_WARN__DUPLICATE_METHOD_MATCH = YES;
				"CODE_SIGN_IDENTITY[sdk=iphoneos*]" = "iPhone Developer";
				COPY_PHASE_STRIP = NO;
				DEBUG_INFORMATION_FORMAT = "dwarf-with-dsym";
				ENABLE_NS_ASSERTIONS = NO;
				ENABLE_STRICT_OBJC_MSGSEND = YES;
				GCC_C_LANGUAGE_STANDARD = gnu99;
				GCC_NO_COMMON_BLOCKS = YES;
				GCC_WARN_64_TO_32_BIT_CONVERSION = YES;
				GCC_WARN_ABOUT_RETURN_TYPE = YES_ERROR;
				GCC_WARN_UNDECLARED_SELECTOR = YES;
				GCC_WARN_UNINITIALIZED_AUTOS = YES_AGGRESSIVE;
				GCC_WARN_UNUSED_FUNCTION = YES;
				GCC_WARN_UNUSED_VARIABLE = YES;
				IPHONEOS_DEPLOYMENT_TARGET = 8.4;
				MTL_ENABLE_DEBUG_INFO = NO;
				SDKROOT = iphoneos;
				TARGETED_DEVICE_FAMILY = "1,2";
				VALIDATE_PRODUCT = YES;
			};
			name = Release;
		};
		F9091CBB1BB27F5B005BCBFC /* Debug */ = {
			isa = XCBuildConfiguration;
			buildSettings = {
				ASSETCATALOG_COMPILER_APPICON_NAME = AppIcon;
				CLANG_ENABLE_MODULES = YES;
				FRAMEWORK_SEARCH_PATHS = (
					"$(inherited)",
					"$(PROJECT_DIR)/Frameworks",
				);
				INFOPLIST_FILE = "Game On Hackathon/Info.plist";
				LD_RUNPATH_SEARCH_PATHS = "$(inherited) @executable_path/Frameworks";
				PRODUCT_BUNDLE_IDENTIFIER = "com.gohackathon.$(PRODUCT_NAME:rfc1034identifier)";
				PRODUCT_NAME = "$(TARGET_NAME)";
				SWIFT_OBJC_BRIDGING_HEADER = "Game On Hackathon/Game On Hackathon-Bridging-Header.h";
				SWIFT_OPTIMIZATION_LEVEL = "-Onone";
			};
			name = Debug;
		};
		F9091CBC1BB27F5B005BCBFC /* Release */ = {
			isa = XCBuildConfiguration;
			buildSettings = {
				ASSETCATALOG_COMPILER_APPICON_NAME = AppIcon;
				CLANG_ENABLE_MODULES = YES;
				FRAMEWORK_SEARCH_PATHS = (
					"$(inherited)",
					"$(PROJECT_DIR)/Frameworks",
				);
				INFOPLIST_FILE = "Game On Hackathon/Info.plist";
				LD_RUNPATH_SEARCH_PATHS = "$(inherited) @executable_path/Frameworks";
				PRODUCT_BUNDLE_IDENTIFIER = "com.gohackathon.$(PRODUCT_NAME:rfc1034identifier)";
				PRODUCT_NAME = "$(TARGET_NAME)";
				SWIFT_OBJC_BRIDGING_HEADER = "Game On Hackathon/Game On Hackathon-Bridging-Header.h";
			};
			name = Release;
		};
		F9091CBE1BB27F5B005BCBFC /* Debug */ = {
			isa = XCBuildConfiguration;
			buildSettings = {
				BUNDLE_LOADER = "$(TEST_HOST)";
				FRAMEWORK_SEARCH_PATHS = (
					"$(SDKROOT)/Developer/Library/Frameworks",
					"$(inherited)",
				);
				GCC_PREPROCESSOR_DEFINITIONS = (
					"DEBUG=1",
					"$(inherited)",
				);
				INFOPLIST_FILE = "Game On HackathonTests/Info.plist";
				LD_RUNPATH_SEARCH_PATHS = "$(inherited) @executable_path/Frameworks @loader_path/Frameworks";
				PRODUCT_BUNDLE_IDENTIFIER = "com.gohackathon.$(PRODUCT_NAME:rfc1034identifier)";
				PRODUCT_NAME = "$(TARGET_NAME)";
				TEST_HOST = "$(BUILT_PRODUCTS_DIR)/Game On Hackathon.app/Game On Hackathon";
			};
			name = Debug;
		};
		F9091CBF1BB27F5B005BCBFC /* Release */ = {
			isa = XCBuildConfiguration;
			buildSettings = {
				BUNDLE_LOADER = "$(TEST_HOST)";
				FRAMEWORK_SEARCH_PATHS = (
					"$(SDKROOT)/Developer/Library/Frameworks",
					"$(inherited)",
				);
				INFOPLIST_FILE = "Game On HackathonTests/Info.plist";
				LD_RUNPATH_SEARCH_PATHS = "$(inherited) @executable_path/Frameworks @loader_path/Frameworks";
				PRODUCT_BUNDLE_IDENTIFIER = "com.gohackathon.$(PRODUCT_NAME:rfc1034identifier)";
				PRODUCT_NAME = "$(TARGET_NAME)";
				TEST_HOST = "$(BUILT_PRODUCTS_DIR)/Game On Hackathon.app/Game On Hackathon";
			};
			name = Release;
		};
/* End XCBuildConfiguration section */

/* Begin XCConfigurationList section */
		F9091C941BB27F5B005BCBFC /* Build configuration list for PBXProject "Game On Hackathon" */ = {
			isa = XCConfigurationList;
			buildConfigurations = (
				F9091CB81BB27F5B005BCBFC /* Debug */,
				F9091CB91BB27F5B005BCBFC /* Release */,
			);
			defaultConfigurationIsVisible = 0;
			defaultConfigurationName = Release;
		};
		F9091CBA1BB27F5B005BCBFC /* Build configuration list for PBXNativeTarget "Game On Hackathon" */ = {
			isa = XCConfigurationList;
			buildConfigurations = (
				F9091CBB1BB27F5B005BCBFC /* Debug */,
				F9091CBC1BB27F5B005BCBFC /* Release */,
			);
			defaultConfigurationIsVisible = 0;
			defaultConfigurationName = Release;
		};
		F9091CBD1BB27F5B005BCBFC /* Build configuration list for PBXNativeTarget "Game On HackathonTests" */ = {
			isa = XCConfigurationList;
			buildConfigurations = (
				F9091CBE1BB27F5B005BCBFC /* Debug */,
				F9091CBF1BB27F5B005BCBFC /* Release */,
			);
			defaultConfigurationIsVisible = 0;
			defaultConfigurationName = Release;
		};
/* End XCConfigurationList section */
	};
	rootObject = F9091C911BB27F5B005BCBFC /* Project object */;
}
