// !$*UTF8*$!
{
	archiveVersion = 1;
	classes = {
	};
	objectVersion = 46;
	objects = {

/* Begin PBXBuildFile section */
		7A481AE11E56D60100428767 /* GroupTableViewCell.swift in Sources */ = {isa = PBXBuildFile; fileRef = 7A481AE01E56D60100428767 /* GroupTableViewCell.swift */; };
		7AC7FC701E4FD15800926760 /* GroupsViewController.swift in Sources */ = {isa = PBXBuildFile; fileRef = 7AC7FC6F1E4FD15800926760 /* GroupsViewController.swift */; };
		F907447F1E3B28E800A5D1C4 /* EventScheduleTableViewCell.swift in Sources */ = {isa = PBXBuildFile; fileRef = F907447E1E3B28E800A5D1C4 /* EventScheduleTableViewCell.swift */; };
		F90AECD81E5624F600D850DD /* PhotoViewController.swift in Sources */ = {isa = PBXBuildFile; fileRef = F90AECD71E5624F600D850DD /* PhotoViewController.swift */; };
		F90BDFC61E4D940000132DC2 /* ProfileEditPhotoTableViewCell.swift in Sources */ = {isa = PBXBuildFile; fileRef = F90BDFC51E4D940000132DC2 /* ProfileEditPhotoTableViewCell.swift */; };
		F90BDFCA1E4FAD8700132DC2 /* ProfileGroupsTableViewCell.swift in Sources */ = {isa = PBXBuildFile; fileRef = F90BDFC91E4FAD8700132DC2 /* ProfileGroupsTableViewCell.swift */; };
		F90BDFCC1E4FB37400132DC2 /* ProfileGroupCollectionViewCell.swift in Sources */ = {isa = PBXBuildFile; fileRef = F90BDFCB1E4FB37400132DC2 /* ProfileGroupCollectionViewCell.swift */; };
		F92D7C8E1E2CA91D00D65BB8 /* AppDelegate.swift in Sources */ = {isa = PBXBuildFile; fileRef = F92D7C8D1E2CA91D00D65BB8 /* AppDelegate.swift */; };
		F92D7C951E2CA91D00D65BB8 /* Main.storyboard in Resources */ = {isa = PBXBuildFile; fileRef = F92D7C931E2CA91D00D65BB8 /* Main.storyboard */; };
		F92D7C971E2CA91D00D65BB8 /* Assets.xcassets in Resources */ = {isa = PBXBuildFile; fileRef = F92D7C961E2CA91D00D65BB8 /* Assets.xcassets */; };
		F92D7C9A1E2CA91D00D65BB8 /* LaunchScreen.storyboard in Resources */ = {isa = PBXBuildFile; fileRef = F92D7C981E2CA91D00D65BB8 /* LaunchScreen.storyboard */; };
		F92D7CA41E2CA98500D65BB8 /* Bolts.framework in Frameworks */ = {isa = PBXBuildFile; fileRef = F92D7CA21E2CA98500D65BB8 /* Bolts.framework */; };
		F92D7CA61E2CA9BD00D65BB8 /* Parse.framework in Frameworks */ = {isa = PBXBuildFile; fileRef = F92D7CA31E2CA98500D65BB8 /* Parse.framework */; };
		F92D7CA71E2CA9BD00D65BB8 /* Parse.framework in Embed Frameworks */ = {isa = PBXBuildFile; fileRef = F92D7CA31E2CA98500D65BB8 /* Parse.framework */; settings = {ATTRIBUTES = (CodeSignOnCopy, RemoveHeadersOnCopy, ); }; };
		F92D7CAA1E2CA9C300D65BB8 /* Bolts.framework in Embed Frameworks */ = {isa = PBXBuildFile; fileRef = F92D7CA21E2CA98500D65BB8 /* Bolts.framework */; settings = {ATTRIBUTES = (CodeSignOnCopy, RemoveHeadersOnCopy, ); }; };
		F92D7CB21E2CAB6A00D65BB8 /* ParseKeys.swift in Sources */ = {isa = PBXBuildFile; fileRef = F92D7CB11E2CAB6A00D65BB8 /* ParseKeys.swift */; };
		F93A2A8C1E3A89840097CE90 /* EventAboutTableViewCell.swift in Sources */ = {isa = PBXBuildFile; fileRef = F93A2A8B1E3A89840097CE90 /* EventAboutTableViewCell.swift */; };
		F93A2A901E3ACEA10097CE90 /* EventDayHeaderTableViewCell.swift in Sources */ = {isa = PBXBuildFile; fileRef = F93A2A8F1E3ACEA10097CE90 /* EventDayHeaderTableViewCell.swift */; };
		F93D63BF1E4FC71D007BAAE1 /* PFFacebookMobileAuthenticationProvider.m in Sources */ = {isa = PBXBuildFile; fileRef = F93D63B21E4FC71D007BAAE1 /* PFFacebookMobileAuthenticationProvider.m */; };
		F93D63C01E4FC71D007BAAE1 /* PFFacebookAuthenticationProvider.m in Sources */ = {isa = PBXBuildFile; fileRef = F93D63B51E4FC71D007BAAE1 /* PFFacebookAuthenticationProvider.m */; };
		F93D63C21E4FC71D007BAAE1 /* PFFacebookPrivateUtilities.m in Sources */ = {isa = PBXBuildFile; fileRef = F93D63BA1E4FC71D007BAAE1 /* PFFacebookPrivateUtilities.m */; };
		F93D63C31E4FC71D007BAAE1 /* PFFacebookUtils.m in Sources */ = {isa = PBXBuildFile; fileRef = F93D63BE1E4FC71D007BAAE1 /* PFFacebookUtils.m */; };
		F93EBAE51E6B8CFF00FF2E5F /* Posts.storyboard in Resources */ = {isa = PBXBuildFile; fileRef = F93EBAE31E6B8CFF00FF2E5F /* Posts.storyboard */; };
		F93EBAE81E6B8D5200FF2E5F /* Events.storyboard in Resources */ = {isa = PBXBuildFile; fileRef = F93EBAE61E6B8D5200FF2E5F /* Events.storyboard */; };
		F93EBAEB1E6B8EB700FF2E5F /* Games.storyboard in Resources */ = {isa = PBXBuildFile; fileRef = F93EBAE91E6B8EB700FF2E5F /* Games.storyboard */; };
		F93EBAEE1E6B8F8200FF2E5F /* Profile.storyboard in Resources */ = {isa = PBXBuildFile; fileRef = F93EBAEC1E6B8F8200FF2E5F /* Profile.storyboard */; };
		F93EBAF11E6B8FFA00FF2E5F /* Groups.storyboard in Resources */ = {isa = PBXBuildFile; fileRef = F93EBAEF1E6B8FFA00FF2E5F /* Groups.storyboard */; };
		F94F6F8C1E3136070086A727 /* DataManager.swift in Sources */ = {isa = PBXBuildFile; fileRef = F94F6F8B1E3136070086A727 /* DataManager.swift */; };
		F94F6F8F1E318C500086A727 /* PostTableViewCell.swift in Sources */ = {isa = PBXBuildFile; fileRef = F94F6F8E1E318C500086A727 /* PostTableViewCell.swift */; };
		F94F6F931E3190380086A727 /* Extensions.swift in Sources */ = {isa = PBXBuildFile; fileRef = F94F6F921E3190380086A727 /* Extensions.swift */; };
		F9505A7D1E6BC4000021C5CC /* ContactViewController.swift in Sources */ = {isa = PBXBuildFile; fileRef = F9505A7C1E6BC4000021C5CC /* ContactViewController.swift */; };
		F9505AB31E6BED8A0021C5CC /* Event.swift in Sources */ = {isa = PBXBuildFile; fileRef = F9505AAE1E6BED8A0021C5CC /* Event.swift */; };
		F9505AB41E6BED8A0021C5CC /* Group.swift in Sources */ = {isa = PBXBuildFile; fileRef = F9505AAF1E6BED8A0021C5CC /* Group.swift */; };
		F9505AB51E6BED8A0021C5CC /* Post.swift in Sources */ = {isa = PBXBuildFile; fileRef = F9505AB01E6BED8A0021C5CC /* Post.swift */; };
		F9505AB61E6BED8A0021C5CC /* Schedule.swift in Sources */ = {isa = PBXBuildFile; fileRef = F9505AB11E6BED8A0021C5CC /* Schedule.swift */; };
		F9505AB71E6BED8A0021C5CC /* User.swift in Sources */ = {isa = PBXBuildFile; fileRef = F9505AB21E6BED8A0021C5CC /* User.swift */; };
		F96967D01E499F5E00C84D00 /* ProfileHeaderTableViewCell.swift in Sources */ = {isa = PBXBuildFile; fileRef = F96967CF1E499F5E00C84D00 /* ProfileHeaderTableViewCell.swift */; };
		F96967D21E49A6BC00C84D00 /* ProfileAboutTableViewCell.swift in Sources */ = {isa = PBXBuildFile; fileRef = F96967D11E49A6BC00C84D00 /* ProfileAboutTableViewCell.swift */; };
		F96E58341E4D758C00C44B17 /* EditTableViewCell.swift in Sources */ = {isa = PBXBuildFile; fileRef = F96E58331E4D758C00C44B17 /* EditTableViewCell.swift */; };
		F96E58361E4D766F00C44B17 /* EditProfileViewController.swift in Sources */ = {isa = PBXBuildFile; fileRef = F96E58351E4D766F00C44B17 /* EditProfileViewController.swift */; };
		F974CEC61E504F0B00DE8F3A /* AddPostViewController.swift in Sources */ = {isa = PBXBuildFile; fileRef = F974CEC51E504F0B00DE8F3A /* AddPostViewController.swift */; };
		F98FCA051E2F503700FA06A2 /* SnapKit.framework in Frameworks */ = {isa = PBXBuildFile; fileRef = F98FCA041E2F503700FA06A2 /* SnapKit.framework */; };
		F98FCA061E2F503700FA06A2 /* SnapKit.framework in Embed Frameworks */ = {isa = PBXBuildFile; fileRef = F98FCA041E2F503700FA06A2 /* SnapKit.framework */; settings = {ATTRIBUTES = (CodeSignOnCopy, RemoveHeadersOnCopy, ); }; };
		F98FCA091E2FE95600FA06A2 /* RootViewController.swift in Sources */ = {isa = PBXBuildFile; fileRef = F98FCA081E2FE95600FA06A2 /* RootViewController.swift */; };
		F98FCA0D1E2FE9A600FA06A2 /* PostsViewController.swift in Sources */ = {isa = PBXBuildFile; fileRef = F98FCA0C1E2FE9A600FA06A2 /* PostsViewController.swift */; };
		F994801E1E47FE1F008481EF /* TabBarViewController.swift in Sources */ = {isa = PBXBuildFile; fileRef = F994801D1E47FE1F008481EF /* TabBarViewController.swift */; };
		F99480201E480132008481EF /* LoginViewController.swift in Sources */ = {isa = PBXBuildFile; fileRef = F994801F1E480132008481EF /* LoginViewController.swift */; };
		F99480271E481282008481EF /* FBSDKCoreKit.framework in Frameworks */ = {isa = PBXBuildFile; fileRef = F99480251E481282008481EF /* FBSDKCoreKit.framework */; };
		F99480281E481282008481EF /* FBSDKCoreKit.framework in Embed Frameworks */ = {isa = PBXBuildFile; fileRef = F99480251E481282008481EF /* FBSDKCoreKit.framework */; settings = {ATTRIBUTES = (CodeSignOnCopy, RemoveHeadersOnCopy, ); }; };
		F99480291E481282008481EF /* FBSDKLoginKit.framework in Frameworks */ = {isa = PBXBuildFile; fileRef = F99480261E481282008481EF /* FBSDKLoginKit.framework */; };
		F994802A1E481282008481EF /* FBSDKLoginKit.framework in Embed Frameworks */ = {isa = PBXBuildFile; fileRef = F99480261E481282008481EF /* FBSDKLoginKit.framework */; settings = {ATTRIBUTES = (CodeSignOnCopy, RemoveHeadersOnCopy, ); }; };
		F99482411E486F2D008481EF /* UserViewController.swift in Sources */ = {isa = PBXBuildFile; fileRef = F99482401E486F2D008481EF /* UserViewController.swift */; };
		F9A7981A1E31F03600D37C32 /* DateTools.framework in Frameworks */ = {isa = PBXBuildFile; fileRef = F9A798191E31F03600D37C32 /* DateTools.framework */; };
		F9A7981B1E31F03600D37C32 /* DateTools.framework in Embed Frameworks */ = {isa = PBXBuildFile; fileRef = F9A798191E31F03600D37C32 /* DateTools.framework */; settings = {ATTRIBUTES = (CodeSignOnCopy, RemoveHeadersOnCopy, ); }; };
		F9E45BCB1E50EEC300E97C11 /* PostViewController.swift in Sources */ = {isa = PBXBuildFile; fileRef = F9E45BCA1E50EEC300E97C11 /* PostViewController.swift */; };
		F9ED68351E31F845001B7C45 /* EventsViewController.swift in Sources */ = {isa = PBXBuildFile; fileRef = F9ED68341E31F845001B7C45 /* EventsViewController.swift */; };
		F9ED683A1E32A669001B7C45 /* ImageTableViewCell.swift in Sources */ = {isa = PBXBuildFile; fileRef = F9ED68391E32A669001B7C45 /* ImageTableViewCell.swift */; };
		F9ED683C1E32A681001B7C45 /* TitleView.swift in Sources */ = {isa = PBXBuildFile; fileRef = F9ED683B1E32A680001B7C45 /* TitleView.swift */; };
		F9ED683F1E32A72E001B7C45 /* EventTableViewCell.swift in Sources */ = {isa = PBXBuildFile; fileRef = F9ED683E1E32A72E001B7C45 /* EventTableViewCell.swift */; };
		F9ED68411E32AF45001B7C45 /* EventViewController.swift in Sources */ = {isa = PBXBuildFile; fileRef = F9ED68401E32AF45001B7C45 /* EventViewController.swift */; };
/* End PBXBuildFile section */

/* Begin PBXCopyFilesBuildPhase section */
		F92D7CA81E2CA9BD00D65BB8 /* Embed Frameworks */ = {
			isa = PBXCopyFilesBuildPhase;
			buildActionMask = 2147483647;
			dstPath = "";
			dstSubfolderSpec = 10;
			files = (
				F99480281E481282008481EF /* FBSDKCoreKit.framework in Embed Frameworks */,
				F98FCA061E2F503700FA06A2 /* SnapKit.framework in Embed Frameworks */,
				F994802A1E481282008481EF /* FBSDKLoginKit.framework in Embed Frameworks */,
				F92D7CA71E2CA9BD00D65BB8 /* Parse.framework in Embed Frameworks */,
				F9A7981B1E31F03600D37C32 /* DateTools.framework in Embed Frameworks */,
				F92D7CAA1E2CA9C300D65BB8 /* Bolts.framework in Embed Frameworks */,
			);
			name = "Embed Frameworks";
			runOnlyForDeploymentPostprocessing = 0;
		};
/* End PBXCopyFilesBuildPhase section */

/* Begin PBXFileReference section */
		7A481AE01E56D60100428767 /* GroupTableViewCell.swift */ = {isa = PBXFileReference; fileEncoding = 4; lastKnownFileType = sourcecode.swift; path = GroupTableViewCell.swift; sourceTree = "<group>"; };
		7AC7FC6F1E4FD15800926760 /* GroupsViewController.swift */ = {isa = PBXFileReference; fileEncoding = 4; lastKnownFileType = sourcecode.swift; path = GroupsViewController.swift; sourceTree = "<group>"; };
		F907447E1E3B28E800A5D1C4 /* EventScheduleTableViewCell.swift */ = {isa = PBXFileReference; fileEncoding = 4; lastKnownFileType = sourcecode.swift; path = EventScheduleTableViewCell.swift; sourceTree = "<group>"; };
		F90AECD71E5624F600D850DD /* PhotoViewController.swift */ = {isa = PBXFileReference; fileEncoding = 4; lastKnownFileType = sourcecode.swift; path = PhotoViewController.swift; sourceTree = "<group>"; };
		F90BDFC51E4D940000132DC2 /* ProfileEditPhotoTableViewCell.swift */ = {isa = PBXFileReference; fileEncoding = 4; lastKnownFileType = sourcecode.swift; path = ProfileEditPhotoTableViewCell.swift; sourceTree = "<group>"; };
		F90BDFC91E4FAD8700132DC2 /* ProfileGroupsTableViewCell.swift */ = {isa = PBXFileReference; fileEncoding = 4; lastKnownFileType = sourcecode.swift; path = ProfileGroupsTableViewCell.swift; sourceTree = "<group>"; };
		F90BDFCB1E4FB37400132DC2 /* ProfileGroupCollectionViewCell.swift */ = {isa = PBXFileReference; fileEncoding = 4; lastKnownFileType = sourcecode.swift; path = ProfileGroupCollectionViewCell.swift; sourceTree = "<group>"; };
		F92D7C8A1E2CA91D00D65BB8 /* Game On iOS.app */ = {isa = PBXFileReference; explicitFileType = wrapper.application; includeInIndex = 0; path = "Game On iOS.app"; sourceTree = BUILT_PRODUCTS_DIR; };
		F92D7C8D1E2CA91D00D65BB8 /* AppDelegate.swift */ = {isa = PBXFileReference; lastKnownFileType = sourcecode.swift; path = AppDelegate.swift; sourceTree = "<group>"; };
		F92D7C941E2CA91D00D65BB8 /* Base */ = {isa = PBXFileReference; lastKnownFileType = file.storyboard; name = Base; path = Base.lproj/Main.storyboard; sourceTree = "<group>"; };
		F92D7C961E2CA91D00D65BB8 /* Assets.xcassets */ = {isa = PBXFileReference; lastKnownFileType = folder.assetcatalog; path = Assets.xcassets; sourceTree = "<group>"; };
		F92D7C991E2CA91D00D65BB8 /* Base */ = {isa = PBXFileReference; lastKnownFileType = file.storyboard; name = Base; path = Base.lproj/LaunchScreen.storyboard; sourceTree = "<group>"; };
		F92D7C9B1E2CA91D00D65BB8 /* Info.plist */ = {isa = PBXFileReference; lastKnownFileType = text.plist.xml; path = Info.plist; sourceTree = "<group>"; };
		F92D7CA21E2CA98500D65BB8 /* Bolts.framework */ = {isa = PBXFileReference; lastKnownFileType = wrapper.framework; name = Bolts.framework; path = Carthage/Build/iOS/Bolts.framework; sourceTree = SOURCE_ROOT; };
		F92D7CA31E2CA98500D65BB8 /* Parse.framework */ = {isa = PBXFileReference; lastKnownFileType = wrapper.framework; name = Parse.framework; path = Carthage/Build/iOS/Parse.framework; sourceTree = SOURCE_ROOT; };
		F92D7CB11E2CAB6A00D65BB8 /* ParseKeys.swift */ = {isa = PBXFileReference; fileEncoding = 4; lastKnownFileType = sourcecode.swift; path = ParseKeys.swift; sourceTree = "<group>"; };
		F93A2A8B1E3A89840097CE90 /* EventAboutTableViewCell.swift */ = {isa = PBXFileReference; fileEncoding = 4; lastKnownFileType = sourcecode.swift; path = EventAboutTableViewCell.swift; sourceTree = "<group>"; };
		F93A2A8F1E3ACEA10097CE90 /* EventDayHeaderTableViewCell.swift */ = {isa = PBXFileReference; fileEncoding = 4; lastKnownFileType = sourcecode.swift; path = EventDayHeaderTableViewCell.swift; sourceTree = "<group>"; };
		F93D63B11E4FC71D007BAAE1 /* PFFacebookMobileAuthenticationProvider.h */ = {isa = PBXFileReference; fileEncoding = 4; lastKnownFileType = sourcecode.c.h; path = PFFacebookMobileAuthenticationProvider.h; sourceTree = "<group>"; };
		F93D63B21E4FC71D007BAAE1 /* PFFacebookMobileAuthenticationProvider.m */ = {isa = PBXFileReference; fileEncoding = 4; lastKnownFileType = sourcecode.c.objc; path = PFFacebookMobileAuthenticationProvider.m; sourceTree = "<group>"; };
		F93D63B31E4FC71D007BAAE1 /* PFFacebookMobileAuthenticationProvider_Private.h */ = {isa = PBXFileReference; fileEncoding = 4; lastKnownFileType = sourcecode.c.h; path = PFFacebookMobileAuthenticationProvider_Private.h; sourceTree = "<group>"; };
		F93D63B41E4FC71D007BAAE1 /* PFFacebookAuthenticationProvider.h */ = {isa = PBXFileReference; fileEncoding = 4; lastKnownFileType = sourcecode.c.h; path = PFFacebookAuthenticationProvider.h; sourceTree = "<group>"; };
		F93D63B51E4FC71D007BAAE1 /* PFFacebookAuthenticationProvider.m */ = {isa = PBXFileReference; fileEncoding = 4; lastKnownFileType = sourcecode.c.objc; path = PFFacebookAuthenticationProvider.m; sourceTree = "<group>"; };
		F93D63B91E4FC71D007BAAE1 /* PFFacebookPrivateUtilities.h */ = {isa = PBXFileReference; fileEncoding = 4; lastKnownFileType = sourcecode.c.h; path = PFFacebookPrivateUtilities.h; sourceTree = "<group>"; };
		F93D63BA1E4FC71D007BAAE1 /* PFFacebookPrivateUtilities.m */ = {isa = PBXFileReference; fileEncoding = 4; lastKnownFileType = sourcecode.c.objc; path = PFFacebookPrivateUtilities.m; sourceTree = "<group>"; };
		F93D63BB1E4FC71D007BAAE1 /* PFFacebookUtils_Private.h */ = {isa = PBXFileReference; fileEncoding = 4; lastKnownFileType = sourcecode.c.h; path = PFFacebookUtils_Private.h; sourceTree = "<group>"; };
		F93D63BC1E4FC71D007BAAE1 /* ParseFacebookUtilsV4.h */ = {isa = PBXFileReference; fileEncoding = 4; lastKnownFileType = sourcecode.c.h; path = ParseFacebookUtilsV4.h; sourceTree = "<group>"; };
		F93D63BD1E4FC71D007BAAE1 /* PFFacebookUtils.h */ = {isa = PBXFileReference; fileEncoding = 4; lastKnownFileType = sourcecode.c.h; path = PFFacebookUtils.h; sourceTree = "<group>"; };
		F93D63BE1E4FC71D007BAAE1 /* PFFacebookUtils.m */ = {isa = PBXFileReference; fileEncoding = 4; lastKnownFileType = sourcecode.c.objc; path = PFFacebookUtils.m; sourceTree = "<group>"; };
		F93EBAE41E6B8CFF00FF2E5F /* Base */ = {isa = PBXFileReference; lastKnownFileType = file.storyboard; name = Base; path = Base.lproj/Posts.storyboard; sourceTree = "<group>"; };
		F93EBAE71E6B8D5200FF2E5F /* Base */ = {isa = PBXFileReference; lastKnownFileType = file.storyboard; name = Base; path = Base.lproj/Events.storyboard; sourceTree = "<group>"; };
		F93EBAEA1E6B8EB700FF2E5F /* Base */ = {isa = PBXFileReference; lastKnownFileType = file.storyboard; name = Base; path = Base.lproj/Games.storyboard; sourceTree = "<group>"; };
		F93EBAED1E6B8F8200FF2E5F /* Base */ = {isa = PBXFileReference; lastKnownFileType = file.storyboard; name = Base; path = Base.lproj/Profile.storyboard; sourceTree = "<group>"; };
		F93EBAF01E6B8FFA00FF2E5F /* Base */ = {isa = PBXFileReference; lastKnownFileType = file.storyboard; name = Base; path = Base.lproj/Groups.storyboard; sourceTree = "<group>"; };
		F94F6F8B1E3136070086A727 /* DataManager.swift */ = {isa = PBXFileReference; fileEncoding = 4; lastKnownFileType = sourcecode.swift; path = DataManager.swift; sourceTree = "<group>"; };
		F94F6F8E1E318C500086A727 /* PostTableViewCell.swift */ = {isa = PBXFileReference; fileEncoding = 4; lastKnownFileType = sourcecode.swift; path = PostTableViewCell.swift; sourceTree = "<group>"; };
		F94F6F921E3190380086A727 /* Extensions.swift */ = {isa = PBXFileReference; fileEncoding = 4; lastKnownFileType = sourcecode.swift; path = Extensions.swift; sourceTree = "<group>"; };
		F9505A7C1E6BC4000021C5CC /* ContactViewController.swift */ = {isa = PBXFileReference; fileEncoding = 4; lastKnownFileType = sourcecode.swift; path = ContactViewController.swift; sourceTree = "<group>"; };
		F9505AAE1E6BED8A0021C5CC /* Event.swift */ = {isa = PBXFileReference; fileEncoding = 4; lastKnownFileType = sourcecode.swift; path = Event.swift; sourceTree = "<group>"; };
		F9505AAF1E6BED8A0021C5CC /* Group.swift */ = {isa = PBXFileReference; fileEncoding = 4; lastKnownFileType = sourcecode.swift; path = Group.swift; sourceTree = "<group>"; };
		F9505AB01E6BED8A0021C5CC /* Post.swift */ = {isa = PBXFileReference; fileEncoding = 4; lastKnownFileType = sourcecode.swift; path = Post.swift; sourceTree = "<group>"; };
		F9505AB11E6BED8A0021C5CC /* Schedule.swift */ = {isa = PBXFileReference; fileEncoding = 4; lastKnownFileType = sourcecode.swift; path = Schedule.swift; sourceTree = "<group>"; };
		F9505AB21E6BED8A0021C5CC /* User.swift */ = {isa = PBXFileReference; fileEncoding = 4; lastKnownFileType = sourcecode.swift; path = User.swift; sourceTree = "<group>"; };
		F96967CF1E499F5E00C84D00 /* ProfileHeaderTableViewCell.swift */ = {isa = PBXFileReference; fileEncoding = 4; lastKnownFileType = sourcecode.swift; path = ProfileHeaderTableViewCell.swift; sourceTree = "<group>"; };
		F96967D11E49A6BC00C84D00 /* ProfileAboutTableViewCell.swift */ = {isa = PBXFileReference; fileEncoding = 4; lastKnownFileType = sourcecode.swift; path = ProfileAboutTableViewCell.swift; sourceTree = "<group>"; };
		F96E58331E4D758C00C44B17 /* EditTableViewCell.swift */ = {isa = PBXFileReference; fileEncoding = 4; lastKnownFileType = sourcecode.swift; path = EditTableViewCell.swift; sourceTree = "<group>"; };
		F96E58351E4D766F00C44B17 /* EditProfileViewController.swift */ = {isa = PBXFileReference; fileEncoding = 4; lastKnownFileType = sourcecode.swift; path = EditProfileViewController.swift; sourceTree = "<group>"; };
		F974CEC51E504F0B00DE8F3A /* AddPostViewController.swift */ = {isa = PBXFileReference; fileEncoding = 4; lastKnownFileType = sourcecode.swift; path = AddPostViewController.swift; sourceTree = "<group>"; };
		F98FCA041E2F503700FA06A2 /* SnapKit.framework */ = {isa = PBXFileReference; lastKnownFileType = wrapper.framework; name = SnapKit.framework; path = ../Carthage/Build/iOS/SnapKit.framework; sourceTree = "<group>"; };
		F98FCA081E2FE95600FA06A2 /* RootViewController.swift */ = {isa = PBXFileReference; fileEncoding = 4; lastKnownFileType = sourcecode.swift; path = RootViewController.swift; sourceTree = "<group>"; };
		F98FCA0C1E2FE9A600FA06A2 /* PostsViewController.swift */ = {isa = PBXFileReference; fileEncoding = 4; lastKnownFileType = sourcecode.swift; path = PostsViewController.swift; sourceTree = "<group>"; };
		F994801D1E47FE1F008481EF /* TabBarViewController.swift */ = {isa = PBXFileReference; fileEncoding = 4; lastKnownFileType = sourcecode.swift; path = TabBarViewController.swift; sourceTree = "<group>"; };
		F994801F1E480132008481EF /* LoginViewController.swift */ = {isa = PBXFileReference; fileEncoding = 4; lastKnownFileType = sourcecode.swift; path = LoginViewController.swift; sourceTree = "<group>"; };
		F99480251E481282008481EF /* FBSDKCoreKit.framework */ = {isa = PBXFileReference; lastKnownFileType = wrapper.framework; name = FBSDKCoreKit.framework; path = ../Carthage/Build/iOS/FBSDKCoreKit.framework; sourceTree = "<group>"; };
		F99480261E481282008481EF /* FBSDKLoginKit.framework */ = {isa = PBXFileReference; lastKnownFileType = wrapper.framework; name = FBSDKLoginKit.framework; path = ../Carthage/Build/iOS/FBSDKLoginKit.framework; sourceTree = "<group>"; };
		F994823D1E485B2B008481EF /* Game On-Bridging-Header.h */ = {isa = PBXFileReference; fileEncoding = 4; lastKnownFileType = sourcecode.c.h; path = "Game On-Bridging-Header.h"; sourceTree = "<group>"; };
		F99482401E486F2D008481EF /* UserViewController.swift */ = {isa = PBXFileReference; fileEncoding = 4; lastKnownFileType = sourcecode.swift; path = UserViewController.swift; sourceTree = "<group>"; };
		F9A798191E31F03600D37C32 /* DateTools.framework */ = {isa = PBXFileReference; lastKnownFileType = wrapper.framework; name = DateTools.framework; path = ../Carthage/Build/iOS/DateTools.framework; sourceTree = "<group>"; };
		F9E45BCA1E50EEC300E97C11 /* PostViewController.swift */ = {isa = PBXFileReference; fileEncoding = 4; lastKnownFileType = sourcecode.swift; path = PostViewController.swift; sourceTree = "<group>"; };
		F9ED68341E31F845001B7C45 /* EventsViewController.swift */ = {isa = PBXFileReference; fileEncoding = 4; lastKnownFileType = sourcecode.swift; path = EventsViewController.swift; sourceTree = "<group>"; };
		F9ED68391E32A669001B7C45 /* ImageTableViewCell.swift */ = {isa = PBXFileReference; fileEncoding = 4; lastKnownFileType = sourcecode.swift; path = ImageTableViewCell.swift; sourceTree = "<group>"; };
		F9ED683B1E32A680001B7C45 /* TitleView.swift */ = {isa = PBXFileReference; fileEncoding = 4; lastKnownFileType = sourcecode.swift; path = TitleView.swift; sourceTree = "<group>"; };
		F9ED683E1E32A72E001B7C45 /* EventTableViewCell.swift */ = {isa = PBXFileReference; fileEncoding = 4; lastKnownFileType = sourcecode.swift; path = EventTableViewCell.swift; sourceTree = "<group>"; };
		F9ED68401E32AF45001B7C45 /* EventViewController.swift */ = {isa = PBXFileReference; fileEncoding = 4; lastKnownFileType = sourcecode.swift; path = EventViewController.swift; sourceTree = "<group>"; };
/* End PBXFileReference section */

/* Begin PBXFrameworksBuildPhase section */
		F92D7C871E2CA91D00D65BB8 /* Frameworks */ = {
			isa = PBXFrameworksBuildPhase;
			buildActionMask = 2147483647;
			files = (
				F99480271E481282008481EF /* FBSDKCoreKit.framework in Frameworks */,
				F98FCA051E2F503700FA06A2 /* SnapKit.framework in Frameworks */,
				F99480291E481282008481EF /* FBSDKLoginKit.framework in Frameworks */,
				F92D7CA61E2CA9BD00D65BB8 /* Parse.framework in Frameworks */,
				F9A7981A1E31F03600D37C32 /* DateTools.framework in Frameworks */,
				F92D7CA41E2CA98500D65BB8 /* Bolts.framework in Frameworks */,
			);
			runOnlyForDeploymentPostprocessing = 0;
		};
/* End PBXFrameworksBuildPhase section */

/* Begin PBXGroup section */
		7A481ADF1E56D5B500428767 /* Groups */ = {
			isa = PBXGroup;
			children = (
				7A481AE01E56D60100428767 /* GroupTableViewCell.swift */,
			);
			path = Groups;
			sourceTree = "<group>";
		};
		7AC7FC6E1E4FD11400926760 /* Groups */ = {
			isa = PBXGroup;
			children = (
				7AC7FC6F1E4FD15800926760 /* GroupsViewController.swift */,
			);
			path = Groups;
			sourceTree = "<group>";
		};
		F92D7C811E2CA91D00D65BB8 = {
			isa = PBXGroup;
			children = (
				F9505AAC1E6BECDC0021C5CC /* Common */,
				F92D7C8C1E2CA91D00D65BB8 /* iOS */,
				F92D7CA11E2CA97100D65BB8 /* Frameworks */,
				F92D7C8B1E2CA91D00D65BB8 /* Products */,
			);
			sourceTree = "<group>";
		};
		F92D7C8B1E2CA91D00D65BB8 /* Products */ = {
			isa = PBXGroup;
			children = (
				F92D7C8A1E2CA91D00D65BB8 /* Game On iOS.app */,
			);
			name = Products;
			sourceTree = "<group>";
		};
		F92D7C8C1E2CA91D00D65BB8 /* iOS */ = {
			isa = PBXGroup;
			children = (
				F92D7C8D1E2CA91D00D65BB8 /* AppDelegate.swift */,
				F92D7CAC1E2CA9F100D65BB8 /* Views */,
				F92D7CAD1E2CA9FD00D65BB8 /* Controllers */,
				F92D7CAE1E2CAA0900D65BB8 /* Helpers */,
				F9505A7B1E6BA2EB0021C5CC /* Storyboards */,
				F92D7C961E2CA91D00D65BB8 /* Assets.xcassets */,
				F92D7C9B1E2CA91D00D65BB8 /* Info.plist */,
				F994823D1E485B2B008481EF /* Game On-Bridging-Header.h */,
			);
			path = iOS;
			sourceTree = "<group>";
		};
		F92D7CA11E2CA97100D65BB8 /* Frameworks */ = {
			isa = PBXGroup;
			children = (
				F93D63AD1E4FC71D007BAAE1 /* ParseFacebookUtils */,
				F99480251E481282008481EF /* FBSDKCoreKit.framework */,
				F99480261E481282008481EF /* FBSDKLoginKit.framework */,
				F9A798191E31F03600D37C32 /* DateTools.framework */,
				F98FCA041E2F503700FA06A2 /* SnapKit.framework */,
				F92D7CA21E2CA98500D65BB8 /* Bolts.framework */,
				F92D7CA31E2CA98500D65BB8 /* Parse.framework */,
			);
			path = Frameworks;
			sourceTree = "<group>";
		};
		F92D7CAC1E2CA9F100D65BB8 /* Views */ = {
			isa = PBXGroup;
			children = (
				F9ED68381E32A653001B7C45 /* General */,
				F94F6F8D1E318C240086A727 /* Posts */,
				F9ED683D1E32A724001B7C45 /* Events */,
				7A481ADF1E56D5B500428767 /* Groups */,
				F96967CE1E499F4500C84D00 /* Profile */,
			);
			path = Views;
			sourceTree = "<group>";
		};
		F92D7CAD1E2CA9FD00D65BB8 /* Controllers */ = {
			isa = PBXGroup;
			children = (
				F98FCA071E2FE94500FA06A2 /* General */,
				F98FCA0B1E2FE99000FA06A2 /* Posts */,
				F9ED68331E31F82E001B7C45 /* Events */,
				7AC7FC6E1E4FD11400926760 /* Groups */,
				F994823F1E486EE4008481EF /* Profile */,
			);
			path = Controllers;
			sourceTree = "<group>";
		};
		F92D7CAE1E2CAA0900D65BB8 /* Helpers */ = {
			isa = PBXGroup;
			children = (
				F94F6F8B1E3136070086A727 /* DataManager.swift */,
				F94F6F921E3190380086A727 /* Extensions.swift */,
				F92D7CB11E2CAB6A00D65BB8 /* ParseKeys.swift */,
			);
			path = Helpers;
			sourceTree = "<group>";
		};
		F93D63AD1E4FC71D007BAAE1 /* ParseFacebookUtils */ = {
			isa = PBXGroup;
			children = (
				F93D63AE1E4FC71D007BAAE1 /* Internal */,
				F93D63BC1E4FC71D007BAAE1 /* ParseFacebookUtilsV4.h */,
				F93D63BD1E4FC71D007BAAE1 /* PFFacebookUtils.h */,
				F93D63BE1E4FC71D007BAAE1 /* PFFacebookUtils.m */,
			);
			path = ParseFacebookUtils;
			sourceTree = "<group>";
		};
		F93D63AE1E4FC71D007BAAE1 /* Internal */ = {
			isa = PBXGroup;
			children = (
				F93D63AF1E4FC71D007BAAE1 /* AuthenticationProvider */,
				F93D63B91E4FC71D007BAAE1 /* PFFacebookPrivateUtilities.h */,
				F93D63BA1E4FC71D007BAAE1 /* PFFacebookPrivateUtilities.m */,
				F93D63BB1E4FC71D007BAAE1 /* PFFacebookUtils_Private.h */,
			);
			path = Internal;
			sourceTree = "<group>";
		};
		F93D63AF1E4FC71D007BAAE1 /* AuthenticationProvider */ = {
			isa = PBXGroup;
			children = (
				F93D63B01E4FC71D007BAAE1 /* iOS */,
				F93D63B41E4FC71D007BAAE1 /* PFFacebookAuthenticationProvider.h */,
				F93D63B51E4FC71D007BAAE1 /* PFFacebookAuthenticationProvider.m */,
			);
			path = AuthenticationProvider;
			sourceTree = "<group>";
		};
		F93D63B01E4FC71D007BAAE1 /* iOS */ = {
			isa = PBXGroup;
			children = (
				F93D63B11E4FC71D007BAAE1 /* PFFacebookMobileAuthenticationProvider.h */,
				F93D63B21E4FC71D007BAAE1 /* PFFacebookMobileAuthenticationProvider.m */,
				F93D63B31E4FC71D007BAAE1 /* PFFacebookMobileAuthenticationProvider_Private.h */,
			);
			path = iOS;
			sourceTree = "<group>";
		};
		F94F6F8D1E318C240086A727 /* Posts */ = {
			isa = PBXGroup;
			children = (
				F94F6F8E1E318C500086A727 /* PostTableViewCell.swift */,
			);
			path = Posts;
			sourceTree = "<group>";
		};
		F9505A7B1E6BA2EB0021C5CC /* Storyboards */ = {
			isa = PBXGroup;
			children = (
				F92D7C931E2CA91D00D65BB8 /* Main.storyboard */,
				F93EBAE31E6B8CFF00FF2E5F /* Posts.storyboard */,
				F93EBAE61E6B8D5200FF2E5F /* Events.storyboard */,
				F93EBAE91E6B8EB700FF2E5F /* Games.storyboard */,
				F93EBAEF1E6B8FFA00FF2E5F /* Groups.storyboard */,
				F93EBAEC1E6B8F8200FF2E5F /* Profile.storyboard */,
				F92D7C981E2CA91D00D65BB8 /* LaunchScreen.storyboard */,
			);
			name = Storyboards;
			sourceTree = "<group>";
		};
		F9505AAC1E6BECDC0021C5CC /* Common */ = {
			isa = PBXGroup;
			children = (
				F9505AAD1E6BED8A0021C5CC /* Models */,
			);
			path = Common;
			sourceTree = "<group>";
		};
		F9505AAD1E6BED8A0021C5CC /* Models */ = {
			isa = PBXGroup;
			children = (
				F9505AAE1E6BED8A0021C5CC /* Event.swift */,
				F9505AAF1E6BED8A0021C5CC /* Group.swift */,
				F9505AB01E6BED8A0021C5CC /* Post.swift */,
				F9505AB11E6BED8A0021C5CC /* Schedule.swift */,
				F9505AB21E6BED8A0021C5CC /* User.swift */,
			);
			path = Models;
			sourceTree = "<group>";
		};
		F96967CE1E499F4500C84D00 /* Profile */ = {
			isa = PBXGroup;
			children = (
				F96967CF1E499F5E00C84D00 /* ProfileHeaderTableViewCell.swift */,
				F96967D11E49A6BC00C84D00 /* ProfileAboutTableViewCell.swift */,
				F90BDFC51E4D940000132DC2 /* ProfileEditPhotoTableViewCell.swift */,
				F90BDFC91E4FAD8700132DC2 /* ProfileGroupsTableViewCell.swift */,
				F90BDFCB1E4FB37400132DC2 /* ProfileGroupCollectionViewCell.swift */,
			);
			path = Profile;
			sourceTree = "<group>";
		};
		F98FCA071E2FE94500FA06A2 /* General */ = {
			isa = PBXGroup;
			children = (
				F994801D1E47FE1F008481EF /* TabBarViewController.swift */,
				F98FCA081E2FE95600FA06A2 /* RootViewController.swift */,
				F994801F1E480132008481EF /* LoginViewController.swift */,
				F90AECD71E5624F600D850DD /* PhotoViewController.swift */,
			);
			path = General;
			sourceTree = "<group>";
		};
		F98FCA0B1E2FE99000FA06A2 /* Posts */ = {
			isa = PBXGroup;
			children = (
				F98FCA0C1E2FE9A600FA06A2 /* PostsViewController.swift */,
				F974CEC51E504F0B00DE8F3A /* AddPostViewController.swift */,
				F9E45BCA1E50EEC300E97C11 /* PostViewController.swift */,
			);
			path = Posts;
			sourceTree = "<group>";
		};
		F994823F1E486EE4008481EF /* Profile */ = {
			isa = PBXGroup;
			children = (
				F99482401E486F2D008481EF /* UserViewController.swift */,
				F96E58351E4D766F00C44B17 /* EditProfileViewController.swift */,
				F9505A7C1E6BC4000021C5CC /* ContactViewController.swift */,
			);
			path = Profile;
			sourceTree = "<group>";
		};
		F9ED68331E31F82E001B7C45 /* Events */ = {
			isa = PBXGroup;
			children = (
				F9ED68341E31F845001B7C45 /* EventsViewController.swift */,
				F9ED68401E32AF45001B7C45 /* EventViewController.swift */,
			);
			path = Events;
			sourceTree = "<group>";
		};
		F9ED68381E32A653001B7C45 /* General */ = {
			isa = PBXGroup;
			children = (
				F9ED683B1E32A680001B7C45 /* TitleView.swift */,
				F9ED68391E32A669001B7C45 /* ImageTableViewCell.swift */,
				F96E58331E4D758C00C44B17 /* EditTableViewCell.swift */,
			);
			path = General;
			sourceTree = "<group>";
		};
		F9ED683D1E32A724001B7C45 /* Events */ = {
			isa = PBXGroup;
			children = (
				F9ED683E1E32A72E001B7C45 /* EventTableViewCell.swift */,
				F93A2A8B1E3A89840097CE90 /* EventAboutTableViewCell.swift */,
				F93A2A8F1E3ACEA10097CE90 /* EventDayHeaderTableViewCell.swift */,
				F907447E1E3B28E800A5D1C4 /* EventScheduleTableViewCell.swift */,
			);
			path = Events;
			sourceTree = "<group>";
		};
/* End PBXGroup section */

/* Begin PBXNativeTarget section */
		F92D7C891E2CA91D00D65BB8 /* Game On iOS */ = {
			isa = PBXNativeTarget;
			buildConfigurationList = F92D7C9E1E2CA91D00D65BB8 /* Build configuration list for PBXNativeTarget "Game On iOS" */;
			buildPhases = (
				F92D7C861E2CA91D00D65BB8 /* Sources */,
				F92D7C871E2CA91D00D65BB8 /* Frameworks */,
				F92D7C881E2CA91D00D65BB8 /* Resources */,
				F92D7CA81E2CA9BD00D65BB8 /* Embed Frameworks */,
			);
			buildRules = (
			);
			dependencies = (
			);
			name = "Game On iOS";
			productName = "Game On";
			productReference = F92D7C8A1E2CA91D00D65BB8 /* Game On iOS.app */;
			productType = "com.apple.product-type.application";
		};
/* End PBXNativeTarget section */

/* Begin PBXProject section */
		F92D7C821E2CA91D00D65BB8 /* Project object */ = {
			isa = PBXProject;
			attributes = {
				LastSwiftUpdateCheck = 0820;
				LastUpgradeCheck = 0820;
				ORGANIZATIONNAME = "Game On";
				TargetAttributes = {
					F92D7C891E2CA91D00D65BB8 = {
						CreatedOnToolsVersion = 8.2.1;
						DevelopmentTeam = KDY2FY8979;
						ProvisioningStyle = Automatic;
					};
				};
			};
			buildConfigurationList = F92D7C851E2CA91D00D65BB8 /* Build configuration list for PBXProject "Game On" */;
			compatibilityVersion = "Xcode 3.2";
			developmentRegion = English;
			hasScannedForEncodings = 0;
			knownRegions = (
				en,
				Base,
			);
			mainGroup = F92D7C811E2CA91D00D65BB8;
			productRefGroup = F92D7C8B1E2CA91D00D65BB8 /* Products */;
			projectDirPath = "";
			projectRoot = "";
			targets = (
				F92D7C891E2CA91D00D65BB8 /* Game On iOS */,
			);
		};
/* End PBXProject section */

/* Begin PBXResourcesBuildPhase section */
		F92D7C881E2CA91D00D65BB8 /* Resources */ = {
			isa = PBXResourcesBuildPhase;
			buildActionMask = 2147483647;
			files = (
				F93EBAF11E6B8FFA00FF2E5F /* Groups.storyboard in Resources */,
				F93EBAEB1E6B8EB700FF2E5F /* Games.storyboard in Resources */,
				F93EBAE51E6B8CFF00FF2E5F /* Posts.storyboard in Resources */,
				F92D7C9A1E2CA91D00D65BB8 /* LaunchScreen.storyboard in Resources */,
				F92D7C971E2CA91D00D65BB8 /* Assets.xcassets in Resources */,
				F92D7C951E2CA91D00D65BB8 /* Main.storyboard in Resources */,
				F93EBAEE1E6B8F8200FF2E5F /* Profile.storyboard in Resources */,
				F93EBAE81E6B8D5200FF2E5F /* Events.storyboard in Resources */,
			);
			runOnlyForDeploymentPostprocessing = 0;
		};
/* End PBXResourcesBuildPhase section */

/* Begin PBXSourcesBuildPhase section */
		F92D7C861E2CA91D00D65BB8 /* Sources */ = {
			isa = PBXSourcesBuildPhase;
			buildActionMask = 2147483647;
			files = (
				F9E45BCB1E50EEC300E97C11 /* PostViewController.swift in Sources */,
				F98FCA0D1E2FE9A600FA06A2 /* PostsViewController.swift in Sources */,
				F9505AB61E6BED8A0021C5CC /* Schedule.swift in Sources */,
				F92D7CB21E2CAB6A00D65BB8 /* ParseKeys.swift in Sources */,
				F96E58361E4D766F00C44B17 /* EditProfileViewController.swift in Sources */,
				F994801E1E47FE1F008481EF /* TabBarViewController.swift in Sources */,
				F9505AB51E6BED8A0021C5CC /* Post.swift in Sources */,
				F93D63C31E4FC71D007BAAE1 /* PFFacebookUtils.m in Sources */,
				F974CEC61E504F0B00DE8F3A /* AddPostViewController.swift in Sources */,
				F98FCA091E2FE95600FA06A2 /* RootViewController.swift in Sources */,
				F9505A7D1E6BC4000021C5CC /* ContactViewController.swift in Sources */,
				F93D63C21E4FC71D007BAAE1 /* PFFacebookPrivateUtilities.m in Sources */,
				F90AECD81E5624F600D850DD /* PhotoViewController.swift in Sources */,
				F92D7C8E1E2CA91D00D65BB8 /* AppDelegate.swift in Sources */,
				F93D63BF1E4FC71D007BAAE1 /* PFFacebookMobileAuthenticationProvider.m in Sources */,
				F907447F1E3B28E800A5D1C4 /* EventScheduleTableViewCell.swift in Sources */,
				F96E58341E4D758C00C44B17 /* EditTableViewCell.swift in Sources */,
				F9ED68351E31F845001B7C45 /* EventsViewController.swift in Sources */,
				F9ED683F1E32A72E001B7C45 /* EventTableViewCell.swift in Sources */,
				7AC7FC701E4FD15800926760 /* GroupsViewController.swift in Sources */,
				F90BDFCA1E4FAD8700132DC2 /* ProfileGroupsTableViewCell.swift in Sources */,
				F99480201E480132008481EF /* LoginViewController.swift in Sources */,
				F9505AB71E6BED8A0021C5CC /* User.swift in Sources */,
				F9505AB41E6BED8A0021C5CC /* Group.swift in Sources */,
				F90BDFCC1E4FB37400132DC2 /* ProfileGroupCollectionViewCell.swift in Sources */,
				F94F6F931E3190380086A727 /* Extensions.swift in Sources */,
				F96967D01E499F5E00C84D00 /* ProfileHeaderTableViewCell.swift in Sources */,
				F94F6F8F1E318C500086A727 /* PostTableViewCell.swift in Sources */,
				7A481AE11E56D60100428767 /* GroupTableViewCell.swift in Sources */,
				F90BDFC61E4D940000132DC2 /* ProfileEditPhotoTableViewCell.swift in Sources */,
				F99482411E486F2D008481EF /* UserViewController.swift in Sources */,
				F94F6F8C1E3136070086A727 /* DataManager.swift in Sources */,
				F9505AB31E6BED8A0021C5CC /* Event.swift in Sources */,
				F93A2A8C1E3A89840097CE90 /* EventAboutTableViewCell.swift in Sources */,
				F93A2A901E3ACEA10097CE90 /* EventDayHeaderTableViewCell.swift in Sources */,
				F93D63C01E4FC71D007BAAE1 /* PFFacebookAuthenticationProvider.m in Sources */,
				F9ED683A1E32A669001B7C45 /* ImageTableViewCell.swift in Sources */,
				F96967D21E49A6BC00C84D00 /* ProfileAboutTableViewCell.swift in Sources */,
				F9ED683C1E32A681001B7C45 /* TitleView.swift in Sources */,
				F9ED68411E32AF45001B7C45 /* EventViewController.swift in Sources */,
			);
			runOnlyForDeploymentPostprocessing = 0;
		};
/* End PBXSourcesBuildPhase section */

/* Begin PBXVariantGroup section */
		F92D7C931E2CA91D00D65BB8 /* Main.storyboard */ = {
			isa = PBXVariantGroup;
			children = (
				F92D7C941E2CA91D00D65BB8 /* Base */,
			);
			name = Main.storyboard;
			sourceTree = "<group>";
		};
		F92D7C981E2CA91D00D65BB8 /* LaunchScreen.storyboard */ = {
			isa = PBXVariantGroup;
			children = (
				F92D7C991E2CA91D00D65BB8 /* Base */,
			);
			name = LaunchScreen.storyboard;
			sourceTree = "<group>";
		};
		F93EBAE31E6B8CFF00FF2E5F /* Posts.storyboard */ = {
			isa = PBXVariantGroup;
			children = (
				F93EBAE41E6B8CFF00FF2E5F /* Base */,
			);
			name = Posts.storyboard;
			sourceTree = "<group>";
		};
		F93EBAE61E6B8D5200FF2E5F /* Events.storyboard */ = {
			isa = PBXVariantGroup;
			children = (
				F93EBAE71E6B8D5200FF2E5F /* Base */,
			);
			name = Events.storyboard;
			sourceTree = "<group>";
		};
		F93EBAE91E6B8EB700FF2E5F /* Games.storyboard */ = {
			isa = PBXVariantGroup;
			children = (
				F93EBAEA1E6B8EB700FF2E5F /* Base */,
			);
			name = Games.storyboard;
			sourceTree = "<group>";
		};
		F93EBAEC1E6B8F8200FF2E5F /* Profile.storyboard */ = {
			isa = PBXVariantGroup;
			children = (
				F93EBAED1E6B8F8200FF2E5F /* Base */,
			);
			name = Profile.storyboard;
			sourceTree = "<group>";
		};
		F93EBAEF1E6B8FFA00FF2E5F /* Groups.storyboard */ = {
			isa = PBXVariantGroup;
			children = (
				F93EBAF01E6B8FFA00FF2E5F /* Base */,
			);
			name = Groups.storyboard;
			sourceTree = "<group>";
		};
/* End PBXVariantGroup section */

/* Begin XCBuildConfiguration section */
		F92D7C9C1E2CA91D00D65BB8 /* Debug */ = {
			isa = XCBuildConfiguration;
			buildSettings = {
				ALWAYS_SEARCH_USER_PATHS = NO;
				CLANG_ANALYZER_NONNULL = YES;
				CLANG_CXX_LANGUAGE_STANDARD = "gnu++0x";
				CLANG_CXX_LIBRARY = "libc++";
				CLANG_ENABLE_MODULES = YES;
				CLANG_ENABLE_OBJC_ARC = YES;
				CLANG_WARN_BOOL_CONVERSION = YES;
				CLANG_WARN_CONSTANT_CONVERSION = YES;
				CLANG_WARN_DIRECT_OBJC_ISA_USAGE = YES_ERROR;
				CLANG_WARN_DOCUMENTATION_COMMENTS = YES;
				CLANG_WARN_EMPTY_BODY = YES;
				CLANG_WARN_ENUM_CONVERSION = YES;
				CLANG_WARN_INFINITE_RECURSION = YES;
				CLANG_WARN_INT_CONVERSION = YES;
				CLANG_WARN_OBJC_ROOT_CLASS = YES_ERROR;
				CLANG_WARN_SUSPICIOUS_MOVE = YES;
				CLANG_WARN_UNREACHABLE_CODE = YES;
				CLANG_WARN__DUPLICATE_METHOD_MATCH = YES;
				"CODE_SIGN_IDENTITY[sdk=iphoneos*]" = "iPhone Developer";
				COPY_PHASE_STRIP = NO;
				DEBUG_INFORMATION_FORMAT = dwarf;
				ENABLE_STRICT_OBJC_MSGSEND = YES;
				ENABLE_TESTABILITY = YES;
				GCC_C_LANGUAGE_STANDARD = gnu99;
				GCC_DYNAMIC_NO_PIC = NO;
				GCC_NO_COMMON_BLOCKS = YES;
				GCC_OPTIMIZATION_LEVEL = 0;
				GCC_PREPROCESSOR_DEFINITIONS = (
					"DEBUG=1",
					"$(inherited)",
				);
				GCC_WARN_64_TO_32_BIT_CONVERSION = YES;
				GCC_WARN_ABOUT_RETURN_TYPE = YES_ERROR;
				GCC_WARN_UNDECLARED_SELECTOR = YES;
				GCC_WARN_UNINITIALIZED_AUTOS = YES_AGGRESSIVE;
				GCC_WARN_UNUSED_FUNCTION = YES;
				GCC_WARN_UNUSED_VARIABLE = YES;
				IPHONEOS_DEPLOYMENT_TARGET = 10.2;
				MTL_ENABLE_DEBUG_INFO = YES;
				ONLY_ACTIVE_ARCH = YES;
				SDKROOT = iphoneos;
				SWIFT_ACTIVE_COMPILATION_CONDITIONS = DEBUG;
				SWIFT_OPTIMIZATION_LEVEL = "-Onone";
				TARGETED_DEVICE_FAMILY = "1,2";
			};
			name = Debug;
		};
		F92D7C9D1E2CA91D00D65BB8 /* Release */ = {
			isa = XCBuildConfiguration;
			buildSettings = {
				ALWAYS_SEARCH_USER_PATHS = NO;
				CLANG_ANALYZER_NONNULL = YES;
				CLANG_CXX_LANGUAGE_STANDARD = "gnu++0x";
				CLANG_CXX_LIBRARY = "libc++";
				CLANG_ENABLE_MODULES = YES;
				CLANG_ENABLE_OBJC_ARC = YES;
				CLANG_WARN_BOOL_CONVERSION = YES;
				CLANG_WARN_CONSTANT_CONVERSION = YES;
				CLANG_WARN_DIRECT_OBJC_ISA_USAGE = YES_ERROR;
				CLANG_WARN_DOCUMENTATION_COMMENTS = YES;
				CLANG_WARN_EMPTY_BODY = YES;
				CLANG_WARN_ENUM_CONVERSION = YES;
				CLANG_WARN_INFINITE_RECURSION = YES;
				CLANG_WARN_INT_CONVERSION = YES;
				CLANG_WARN_OBJC_ROOT_CLASS = YES_ERROR;
				CLANG_WARN_SUSPICIOUS_MOVE = YES;
				CLANG_WARN_UNREACHABLE_CODE = YES;
				CLANG_WARN__DUPLICATE_METHOD_MATCH = YES;
				"CODE_SIGN_IDENTITY[sdk=iphoneos*]" = "iPhone Developer";
				COPY_PHASE_STRIP = NO;
				DEBUG_INFORMATION_FORMAT = "dwarf-with-dsym";
				ENABLE_NS_ASSERTIONS = NO;
				ENABLE_STRICT_OBJC_MSGSEND = YES;
				GCC_C_LANGUAGE_STANDARD = gnu99;
				GCC_NO_COMMON_BLOCKS = YES;
				GCC_WARN_64_TO_32_BIT_CONVERSION = YES;
				GCC_WARN_ABOUT_RETURN_TYPE = YES_ERROR;
				GCC_WARN_UNDECLARED_SELECTOR = YES;
				GCC_WARN_UNINITIALIZED_AUTOS = YES_AGGRESSIVE;
				GCC_WARN_UNUSED_FUNCTION = YES;
				GCC_WARN_UNUSED_VARIABLE = YES;
				IPHONEOS_DEPLOYMENT_TARGET = 10.2;
				MTL_ENABLE_DEBUG_INFO = NO;
				SDKROOT = iphoneos;
				SWIFT_OPTIMIZATION_LEVEL = "-Owholemodule";
				TARGETED_DEVICE_FAMILY = "1,2";
				VALIDATE_PRODUCT = YES;
			};
			name = Release;
		};
		F92D7C9F1E2CA91D00D65BB8 /* Debug */ = {
			isa = XCBuildConfiguration;
			buildSettings = {
				ASSETCATALOG_COMPILER_APPICON_NAME = AppIcon;
				DEVELOPMENT_TEAM = KDY2FY8979;
				FRAMEWORK_SEARCH_PATHS = (
					"$(inherited)",
					"$(PROJECT_DIR)/Carthage/Build/iOS",
					"$(PROJECT_DIR)/Frameworks",
				);
				INFOPLIST_FILE = "$(SRCROOT)/iOS/Info.plist";
				LD_RUNPATH_SEARCH_PATHS = "$(inherited) @executable_path/Frameworks";
				PRODUCT_BUNDLE_IDENTIFIER = "com.gameonhack.Game-On";
				PRODUCT_NAME = "$(TARGET_NAME)";
				SWIFT_OBJC_BRIDGING_HEADER = "iOS/Game On-Bridging-Header.h";
				SWIFT_VERSION = 3.0;
			};
			name = Debug;
		};
		F92D7CA01E2CA91D00D65BB8 /* Release */ = {
			isa = XCBuildConfiguration;
			buildSettings = {
				ASSETCATALOG_COMPILER_APPICON_NAME = AppIcon;
				DEVELOPMENT_TEAM = KDY2FY8979;
				FRAMEWORK_SEARCH_PATHS = (
					"$(inherited)",
					"$(PROJECT_DIR)/Carthage/Build/iOS",
					"$(PROJECT_DIR)/Frameworks",
				);
				INFOPLIST_FILE = "$(SRCROOT)/iOS/Info.plist";
				LD_RUNPATH_SEARCH_PATHS = "$(inherited) @executable_path/Frameworks";
				PRODUCT_BUNDLE_IDENTIFIER = "com.gameonhack.Game-On";
				PRODUCT_NAME = "$(TARGET_NAME)";
				SWIFT_OBJC_BRIDGING_HEADER = "iOS/Game On-Bridging-Header.h";
				SWIFT_VERSION = 3.0;
			};
			name = Release;
		};
/* End XCBuildConfiguration section */

/* Begin XCConfigurationList section */
		F92D7C851E2CA91D00D65BB8 /* Build configuration list for PBXProject "Game On" */ = {
			isa = XCConfigurationList;
			buildConfigurations = (
				F92D7C9C1E2CA91D00D65BB8 /* Debug */,
				F92D7C9D1E2CA91D00D65BB8 /* Release */,
			);
			defaultConfigurationIsVisible = 0;
			defaultConfigurationName = Release;
		};
		F92D7C9E1E2CA91D00D65BB8 /* Build configuration list for PBXNativeTarget "Game On iOS" */ = {
			isa = XCConfigurationList;
			buildConfigurations = (
				F92D7C9F1E2CA91D00D65BB8 /* Debug */,
				F92D7CA01E2CA91D00D65BB8 /* Release */,
			);
			defaultConfigurationIsVisible = 0;
			defaultConfigurationName = Release;
		};
/* End XCConfigurationList section */
	};
	rootObject = F92D7C821E2CA91D00D65BB8 /* Project object */;
}
